
Microsoft Visual Studio Solution File, Format Version 12.00
# Visual Studio Version 17
VisualStudioVersion = 17.6.33829.357
MinimumVisualStudioVersion = 10.0.40219.1
Project("{9A19103F-16F7-4668-BE54-9A1E7A4F7556}") = "LibraryConsole", "LibraryConsole\LibraryConsole.csproj", "{DD12698F-CA70-412A-99A1-AF292B1FC36A}"
EndProject
Project("{FAE04EC0-301F-11D3-BF4B-00C04F79EFBC}") = "Library.DAL", "Library.DAL\Library.DAL.csproj", "{C34292B3-2E79-4F10-89A4-6FC7B2D69866}"
EndProject
Global
	GlobalSection(SolutionConfigurationPlatforms) = preSolution
		Debug|Any CPU = Debug|Any CPU
		Release|Any CPU = Release|Any CPU
	EndGlobalSection
	GlobalSection(ProjectConfigurationPlatforms) = postSolution
		{DD12698F-CA70-412A-99A1-AF292B1FC36A}.Debug|Any CPU.ActiveCfg = Debug|Any CPU
		{DD12698F-CA70-412A-99A1-AF292B1FC36A}.Debug|Any CPU.Build.0 = Debug|Any CPU
		{DD12698F-CA70-412A-99A1-AF292B1FC36A}.Release|Any CPU.ActiveCfg = Release|Any CPU
		{DD12698F-CA70-412A-99A1-AF292B1FC36A}.Release|Any CPU.Build.0 = Release|Any CPU
		{C34292B3-2E79-4F10-89A4-6FC7B2D69866}.Debug|Any CPU.ActiveCfg = Debug|Any CPU
		{C34292B3-2E79-4F10-89A4-6FC7B2D69866}.Debug|Any CPU.Build.0 = Debug|Any CPU
		{C34292B3-2E79-4F10-89A4-6FC7B2D69866}.Release|Any CPU.ActiveCfg = Release|Any CPU
		{C34292B3-2E79-4F10-89A4-6FC7B2D69866}.Release|Any CPU.Build.0 = Release|Any CPU
	EndGlobalSection
	GlobalSection(SolutionProperties) = preSolution
		HideSolutionNode = FALSE
	EndGlobalSection
	GlobalSection(ExtensibilityGlobals) = postSolution
		SolutionGuid = {09176E3F-34BD-4913-93F7-1E08B3C6722F}
	EndGlobalSection
EndGlobal
